
Microsoft Visual Studio Solution File, Format Version 12.00
# Visual Studio Version 16
VisualStudioVersion = 16.0.31624.102
MinimumVisualStudioVersion = 10.0.40219.1
Project("{9A19103F-16F7-4668-BE54-9A1E7A4F7556}") = "Calendar.WebApi", "Calendar.Api\Calendar.WebApi.csproj", "{7382657B-FF16-4CFD-A09B-549005CCA0DC}"
EndProject
Project("{9A19103F-16F7-4668-BE54-9A1E7A4F7556}") = "Calendar.Domain", "Calendar.Domain\Calendar.Domain.csproj", "{C90085B1-749F-40EB-9473-3E68D5DFC757}"
EndProject
Project("{9A19103F-16F7-4668-BE54-9A1E7A4F7556}") = "Calendar.Core", "Calendar.Core\Calendar.Core.csproj", "{23680300-8B7F-4BEC-8901-86478402A986}"
EndProject
Project("{9A19103F-16F7-4668-BE54-9A1E7A4F7556}") = "Calendar.DataAccess", "Calendar.DataAccess\Calendar.DataAccess.csproj", "{87875F45-28DF-41D6-B7A4-4BEF067613D2}"
EndProject
Project("{9A19103F-16F7-4668-BE54-9A1E7A4F7556}") = "Calendar.Business", "Calendar.Business\Calendar.Business.csproj", "{C78F8A92-4863-418D-A1AC-1F0B40080379}"
EndProject
Project("{FAE04EC0-301F-11D3-BF4B-00C04F79EFBC}") = "Calendar.Test", "Calendar.Test\Calendar.Test.csproj", "{AD3669F0-6028-4933-B6A7-92E4425A08F1}"
EndProject
Global
	GlobalSection(SolutionConfigurationPlatforms) = preSolution
		Debug|Any CPU = Debug|Any CPU
		Release|Any CPU = Release|Any CPU
	EndGlobalSection
	GlobalSection(ProjectConfigurationPlatforms) = postSolution
		{7382657B-FF16-4CFD-A09B-549005CCA0DC}.Debug|Any CPU.ActiveCfg = Debug|Any CPU
		{7382657B-FF16-4CFD-A09B-549005CCA0DC}.Debug|Any CPU.Build.0 = Debug|Any CPU
		{7382657B-FF16-4CFD-A09B-549005CCA0DC}.Release|Any CPU.ActiveCfg = Release|Any CPU
		{7382657B-FF16-4CFD-A09B-549005CCA0DC}.Release|Any CPU.Build.0 = Release|Any CPU
		{C90085B1-749F-40EB-9473-3E68D5DFC757}.Debug|Any CPU.ActiveCfg = Debug|Any CPU
		{C90085B1-749F-40EB-9473-3E68D5DFC757}.Debug|Any CPU.Build.0 = Debug|Any CPU
		{C90085B1-749F-40EB-9473-3E68D5DFC757}.Release|Any CPU.ActiveCfg = Release|Any CPU
		{C90085B1-749F-40EB-9473-3E68D5DFC757}.Release|Any CPU.Build.0 = Release|Any CPU
		{23680300-8B7F-4BEC-8901-86478402A986}.Debug|Any CPU.ActiveCfg = Debug|Any CPU
		{23680300-8B7F-4BEC-8901-86478402A986}.Debug|Any CPU.Build.0 = Debug|Any CPU
		{23680300-8B7F-4BEC-8901-86478402A986}.Release|Any CPU.ActiveCfg = Release|Any CPU
		{23680300-8B7F-4BEC-8901-86478402A986}.Release|Any CPU.Build.0 = Release|Any CPU
		{87875F45-28DF-41D6-B7A4-4BEF067613D2}.Debug|Any CPU.ActiveCfg = Debug|Any CPU
		{87875F45-28DF-41D6-B7A4-4BEF067613D2}.Debug|Any CPU.Build.0 = Debug|Any CPU
		{87875F45-28DF-41D6-B7A4-4BEF067613D2}.Release|Any CPU.ActiveCfg = Release|Any CPU
		{87875F45-28DF-41D6-B7A4-4BEF067613D2}.Release|Any CPU.Build.0 = Release|Any CPU
		{C78F8A92-4863-418D-A1AC-1F0B40080379}.Debug|Any CPU.ActiveCfg = Debug|Any CPU
		{C78F8A92-4863-418D-A1AC-1F0B40080379}.Debug|Any CPU.Build.0 = Debug|Any CPU
		{C78F8A92-4863-418D-A1AC-1F0B40080379}.Release|Any CPU.ActiveCfg = Release|Any CPU
		{C78F8A92-4863-418D-A1AC-1F0B40080379}.Release|Any CPU.Build.0 = Release|Any CPU
		{AD3669F0-6028-4933-B6A7-92E4425A08F1}.Debug|Any CPU.ActiveCfg = Debug|Any CPU
		{AD3669F0-6028-4933-B6A7-92E4425A08F1}.Debug|Any CPU.Build.0 = Debug|Any CPU
		{AD3669F0-6028-4933-B6A7-92E4425A08F1}.Release|Any CPU.ActiveCfg = Release|Any CPU
		{AD3669F0-6028-4933-B6A7-92E4425A08F1}.Release|Any CPU.Build.0 = Release|Any CPU
	EndGlobalSection
	GlobalSection(SolutionProperties) = preSolution
		HideSolutionNode = FALSE
	EndGlobalSection
	GlobalSection(ExtensibilityGlobals) = postSolution
		SolutionGuid = {A28531F1-E94D-45E1-8F33-26E573B7C0D2}
	EndGlobalSection
EndGlobal
